<?xml version="1.0" encoding="utf-8"?>
<Project ToolsVersion="4.0" xmlns="http://schemas.microsoft.com/developer/msbuild/2003">
  <ItemGroup>
    <Filter Include="Resource Files">
      <UniqueIdentifier>{67DA6AB6-F800-4c08-8B7A-83BB121AAD01}</UniqueIdentifier>
      <Extensions>rc;ico;cur;bmp;dlg;rc2;rct;bin;rgs;gif;jpg;jpeg;jpe;resx;tiff;tif;png;wav;mfcribbon-ms</Extensions>
    </Filter>
  </ItemGroup>
  <ItemGroup>
    <ClInclude Include=".\gl.h" />
    <ClInclude Include="gl2dx.h" />
    <ClInclude Include="OpenGL.h" />
    <ClInclude Include="GL2DXException.h" />
    <ClInclude Include="OpenGLVertex.h" />
    <ClInclude Include="AsyncHelper.h" />
    <ClInclude Include="VertexBuilder.h" />
    <ClInclude Include="WICTextureLoader.h" />
    <ClInclude Include="DDSTextureLoader.h" />
  </ItemGroup>
  <ItemGroup>
    <ClCompile Include="gl.cpp" />
    <ClCompile Include="OpenGL.cpp" />
    <ClCompile Include="VertexBuilder.cpp" />
    <ClCompile Include="WICTextureLoader.cpp" />
    <ClCompile Include="DDSTextureLoader.cpp" />
  </ItemGroup>
</Project>